# This file is automatically @generated by Cargo.
# It is not intended for manual editing.
version = 4

[[package]]
name = "lib-domain"
version = "0.1.0"

[[package]]
name = "lib-infra-db"
version = "0.1.0"

[[package]]
name = "lib-router-api"
version = "0.1.0"

[[package]]
name = "lib-router-shared"
version = "0.1.0"

[[package]]
name = "lib-router-web"
version = "0.1.0"

[[package]]
name = "lib-shared"
version = "0.1.0"

[[package]]
name = "migration"
version = "0.1.0"

[[package]]
name = "server"
version = "0.1.0"
